// !$*UTF8*$!
{
	archiveVersion = 1;
	classes = {
	};
	objectVersion = 46;
	objects = {

/* Begin PBXBuildFile section */
		E4022F7D1E51C299000875D7 /* NotificationHandler.swift in Sources */ = {isa = PBXBuildFile; fileRef = E4022F7C1E51C298000875D7 /* NotificationHandler.swift */; };
		E4022F7F1E51C2AD000875D7 /* UserNotifications.framework in Frameworks */ = {isa = PBXBuildFile; fileRef = E4022F7E1E51C2AD000875D7 /* UserNotifications.framework */; };
		E4022F811E51C2B4000875D7 /* NotificationCenter.framework in Frameworks */ = {isa = PBXBuildFile; fileRef = E4022F801E51C2B4000875D7 /* NotificationCenter.framework */; };
		E4120DE21E4C03AE009C8DD3 /* AppDelegate.swift in Sources */ = {isa = PBXBuildFile; fileRef = E4120DE11E4C03AE009C8DD3 /* AppDelegate.swift */; };
		E4120DE41E4C03AE009C8DD3 /* ViewController.swift in Sources */ = {isa = PBXBuildFile; fileRef = E4120DE31E4C03AE009C8DD3 /* ViewController.swift */; };
		E4120DE91E4C03AE009C8DD3 /* Assets.xcassets in Resources */ = {isa = PBXBuildFile; fileRef = E4120DE81E4C03AE009C8DD3 /* Assets.xcassets */; };
		E4120DEC1E4C03AE009C8DD3 /* LaunchScreen.storyboard in Resources */ = {isa = PBXBuildFile; fileRef = E4120DEA1E4C03AE009C8DD3 /* LaunchScreen.storyboard */; };
		E4120DF71E4C03AE009C8DD3 /* HealthKitDemoTests.swift in Sources */ = {isa = PBXBuildFile; fileRef = E4120DF61E4C03AE009C8DD3 /* HealthKitDemoTests.swift */; };
		E4120E021E4C03AE009C8DD3 /* HealthKitDemoUITests.swift in Sources */ = {isa = PBXBuildFile; fileRef = E4120E011E4C03AE009C8DD3 /* HealthKitDemoUITests.swift */; };
		E4120E121E4C03FF009C8DD3 /* HealthKit.framework in Frameworks */ = {isa = PBXBuildFile; fileRef = E4120E111E4C03FF009C8DD3 /* HealthKit.framework */; };
		E4120E141E4C6B11009C8DD3 /* ViewExtension.swift in Sources */ = {isa = PBXBuildFile; fileRef = E4120E131E4C6B11009C8DD3 /* ViewExtension.swift */; };
		E4120E161E514314009C8DD3 /* HeightViewController.swift in Sources */ = {isa = PBXBuildFile; fileRef = E4120E151E514314009C8DD3 /* HeightViewController.swift */; };
		E4F822851E569EB200C99873 /* BirthOfDateViewController.swift in Sources */ = {isa = PBXBuildFile; fileRef = E4F822841E569EB200C99873 /* BirthOfDateViewController.swift */; };
/* End PBXBuildFile section */

/* Begin PBXContainerItemProxy section */
		E4120DF31E4C03AE009C8DD3 /* PBXContainerItemProxy */ = {
			isa = PBXContainerItemProxy;
			containerPortal = E4120DD61E4C03AE009C8DD3 /* Project object */;
			proxyType = 1;
			remoteGlobalIDString = E4120DDD1E4C03AE009C8DD3;
			remoteInfo = HealthKitDemo;
		};
		E4120DFE1E4C03AE009C8DD3 /* PBXContainerItemProxy */ = {
			isa = PBXContainerItemProxy;
			containerPortal = E4120DD61E4C03AE009C8DD3 /* Project object */;
			proxyType = 1;
			remoteGlobalIDString = E4120DDD1E4C03AE009C8DD3;
			remoteInfo = HealthKitDemo;
		};
/* End PBXContainerItemProxy section */

/* Begin PBXFileReference section */
		E4022F7C1E51C298000875D7 /* NotificationHandler.swift */ = {isa = PBXFileReference; fileEncoding = 4; lastKnownFileType = sourcecode.swift; path = NotificationHandler.swift; sourceTree = "<group>"; };
		E4022F7E1E51C2AD000875D7 /* UserNotifications.framework */ = {isa = PBXFileReference; lastKnownFileType = wrapper.framework; name = UserNotifications.framework; path = System/Library/Frameworks/UserNotifications.framework; sourceTree = SDKROOT; };
		E4022F801E51C2B4000875D7 /* NotificationCenter.framework */ = {isa = PBXFileReference; lastKnownFileType = wrapper.framework; name = NotificationCenter.framework; path = System/Library/Frameworks/NotificationCenter.framework; sourceTree = SDKROOT; };
		E4120DDE1E4C03AE009C8DD3 /* HealthKitDemo.app */ = {isa = PBXFileReference; explicitFileType = wrapper.application; includeInIndex = 0; path = HealthKitDemo.app; sourceTree = BUILT_PRODUCTS_DIR; };
		E4120DE11E4C03AE009C8DD3 /* AppDelegate.swift */ = {isa = PBXFileReference; lastKnownFileType = sourcecode.swift; path = AppDelegate.swift; sourceTree = "<group>"; };
		E4120DE31E4C03AE009C8DD3 /* ViewController.swift */ = {isa = PBXFileReference; lastKnownFileType = sourcecode.swift; path = ViewController.swift; sourceTree = "<group>"; };
		E4120DE81E4C03AE009C8DD3 /* Assets.xcassets */ = {isa = PBXFileReference; lastKnownFileType = folder.assetcatalog; path = Assets.xcassets; sourceTree = "<group>"; };
		E4120DEB1E4C03AE009C8DD3 /* Base */ = {isa = PBXFileReference; lastKnownFileType = file.storyboard; name = Base; path = Base.lproj/LaunchScreen.storyboard; sourceTree = "<group>"; };
		E4120DED1E4C03AE009C8DD3 /* Info.plist */ = {isa = PBXFileReference; lastKnownFileType = text.plist.xml; path = Info.plist; sourceTree = "<group>"; };
		E4120DF21E4C03AE009C8DD3 /* HealthKitDemoTests.xctest */ = {isa = PBXFileReference; explicitFileType = wrapper.cfbundle; includeInIndex = 0; path = HealthKitDemoTests.xctest; sourceTree = BUILT_PRODUCTS_DIR; };
		E4120DF61E4C03AE009C8DD3 /* HealthKitDemoTests.swift */ = {isa = PBXFileReference; lastKnownFileType = sourcecode.swift; path = HealthKitDemoTests.swift; sourceTree = "<group>"; };
		E4120DF81E4C03AE009C8DD3 /* Info.plist */ = {isa = PBXFileReference; lastKnownFileType = text.plist.xml; path = Info.plist; sourceTree = "<group>"; };
		E4120DFD1E4C03AE009C8DD3 /* HealthKitDemoUITests.xctest */ = {isa = PBXFileReference; explicitFileType = wrapper.cfbundle; includeInIndex = 0; path = HealthKitDemoUITests.xctest; sourceTree = BUILT_PRODUCTS_DIR; };
		E4120E011E4C03AE009C8DD3 /* HealthKitDemoUITests.swift */ = {isa = PBXFileReference; lastKnownFileType = sourcecode.swift; path = HealthKitDemoUITests.swift; sourceTree = "<group>"; };
		E4120E031E4C03AE009C8DD3 /* Info.plist */ = {isa = PBXFileReference; lastKnownFileType = text.plist.xml; path = Info.plist; sourceTree = "<group>"; };
		E4120E0F1E4C03FF009C8DD3 /* HealthKitDemo.entitlements */ = {isa = PBXFileReference; lastKnownFileType = text.plist.entitlements; path = HealthKitDemo.entitlements; sourceTree = "<group>"; };
		E4120E111E4C03FF009C8DD3 /* HealthKit.framework */ = {isa = PBXFileReference; lastKnownFileType = wrapper.framework; name = HealthKit.framework; path = System/Library/Frameworks/HealthKit.framework; sourceTree = SDKROOT; };
		E4120E131E4C6B11009C8DD3 /* ViewExtension.swift */ = {isa = PBXFileReference; fileEncoding = 4; lastKnownFileType = sourcecode.swift; path = ViewExtension.swift; sourceTree = "<group>"; };
		E4120E151E514314009C8DD3 /* HeightViewController.swift */ = {isa = PBXFileReference; fileEncoding = 4; lastKnownFileType = sourcecode.swift; path = HeightViewController.swift; sourceTree = "<group>"; };
		E4C879671E544E8900649282 /* CommonFile.pch */ = {isa = PBXFileReference; lastKnownFileType = sourcecode.c.h; path = CommonFile.pch; sourceTree = "<group>"; };
		E4F822841E569EB200C99873 /* BirthOfDateViewController.swift */ = {isa = PBXFileReference; fileEncoding = 4; lastKnownFileType = sourcecode.swift; path = BirthOfDateViewController.swift; sourceTree = "<group>"; };
/* End PBXFileReference section */

/* Begin PBXFrameworksBuildPhase section */
		E4120DDB1E4C03AE009C8DD3 /* Frameworks */ = {
			isa = PBXFrameworksBuildPhase;
			buildActionMask = 2147483647;
			files = (
				E4022F811E51C2B4000875D7 /* NotificationCenter.framework in Frameworks */,
				E4022F7F1E51C2AD000875D7 /* UserNotifications.framework in Frameworks */,
				E4120E121E4C03FF009C8DD3 /* HealthKit.framework in Frameworks */,
			);
			runOnlyForDeploymentPostprocessing = 0;
		};
		E4120DEF1E4C03AE009C8DD3 /* Frameworks */ = {
			isa = PBXFrameworksBuildPhase;
			buildActionMask = 2147483647;
			files = (
			);
			runOnlyForDeploymentPostprocessing = 0;
		};
		E4120DFA1E4C03AE009C8DD3 /* Frameworks */ = {
			isa = PBXFrameworksBuildPhase;
			buildActionMask = 2147483647;
			files = (
			);
			runOnlyForDeploymentPostprocessing = 0;
		};
/* End PBXFrameworksBuildPhase section */

/* Begin PBXGroup section */
		E4120DD51E4C03AE009C8DD3 = {
			isa = PBXGroup;
			children = (
				E4120DE01E4C03AE009C8DD3 /* HealthKitDemo */,
				E4120DF51E4C03AE009C8DD3 /* HealthKitDemoTests */,
				E4120E001E4C03AE009C8DD3 /* HealthKitDemoUITests */,
				E4120DDF1E4C03AE009C8DD3 /* Products */,
				E4120E101E4C03FF009C8DD3 /* Frameworks */,
			);
			sourceTree = "<group>";
		};
		E4120DDF1E4C03AE009C8DD3 /* Products */ = {
			isa = PBXGroup;
			children = (
				E4120DDE1E4C03AE009C8DD3 /* HealthKitDemo.app */,
				E4120DF21E4C03AE009C8DD3 /* HealthKitDemoTests.xctest */,
				E4120DFD1E4C03AE009C8DD3 /* HealthKitDemoUITests.xctest */,
			);
			name = Products;
			sourceTree = "<group>";
		};
		E4120DE01E4C03AE009C8DD3 /* HealthKitDemo */ = {
			isa = PBXGroup;
			children = (
				E4120E0F1E4C03FF009C8DD3 /* HealthKitDemo.entitlements */,
				E4120DE11E4C03AE009C8DD3 /* AppDelegate.swift */,
				E4120DE31E4C03AE009C8DD3 /* ViewController.swift */,
				E4120DE81E4C03AE009C8DD3 /* Assets.xcassets */,
				E4120DEA1E4C03AE009C8DD3 /* LaunchScreen.storyboard */,
				E4120DED1E4C03AE009C8DD3 /* Info.plist */,
				E4120E131E4C6B11009C8DD3 /* ViewExtension.swift */,
				E4120E151E514314009C8DD3 /* HeightViewController.swift */,
				E4022F7C1E51C298000875D7 /* NotificationHandler.swift */,
				E4C879671E544E8900649282 /* CommonFile.pch */,
				E4F822841E569EB200C99873 /* BirthOfDateViewController.swift */,
			);
			path = HealthKitDemo;
			sourceTree = "<group>";
		};
		E4120DF51E4C03AE009C8DD3 /* HealthKitDemoTests */ = {
			isa = PBXGroup;
			children = (
				E4120DF61E4C03AE009C8DD3 /* HealthKitDemoTests.swift */,
				E4120DF81E4C03AE009C8DD3 /* Info.plist */,
			);
			path = HealthKitDemoTests;
			sourceTree = "<group>";
		};
		E4120E001E4C03AE009C8DD3 /* HealthKitDemoUITests */ = {
			isa = PBXGroup;
			children = (
				E4120E011E4C03AE009C8DD3 /* HealthKitDemoUITests.swift */,
				E4120E031E4C03AE009C8DD3 /* Info.plist */,
			);
			path = HealthKitDemoUITests;
			sourceTree = "<group>";
		};
		E4120E101E4C03FF009C8DD3 /* Frameworks */ = {
			isa = PBXGroup;
			children = (
				E4022F801E51C2B4000875D7 /* NotificationCenter.framework */,
				E4022F7E1E51C2AD000875D7 /* UserNotifications.framework */,
				E4120E111E4C03FF009C8DD3 /* HealthKit.framework */,
			);
			name = Frameworks;
			sourceTree = "<group>";
		};
/* End PBXGroup section */

/* Begin PBXNativeTarget section */
		E4120DDD1E4C03AE009C8DD3 /* HealthKitDemo */ = {
			isa = PBXNativeTarget;
			buildConfigurationList = E4120E061E4C03AE009C8DD3 /* Build configuration list for PBXNativeTarget "HealthKitDemo" */;
			buildPhases = (
				E4120DDA1E4C03AE009C8DD3 /* Sources */,
				E4120DDB1E4C03AE009C8DD3 /* Frameworks */,
				E4120DDC1E4C03AE009C8DD3 /* Resources */,
			);
			buildRules = (
			);
			dependencies = (
			);
			name = HealthKitDemo;
			productName = HealthKitDemo;
			productReference = E4120DDE1E4C03AE009C8DD3 /* HealthKitDemo.app */;
			productType = "com.apple.product-type.application";
		};
		E4120DF11E4C03AE009C8DD3 /* HealthKitDemoTests */ = {
			isa = PBXNativeTarget;
			buildConfigurationList = E4120E091E4C03AE009C8DD3 /* Build configuration list for PBXNativeTarget "HealthKitDemoTests" */;
			buildPhases = (
				E4120DEE1E4C03AE009C8DD3 /* Sources */,
				E4120DEF1E4C03AE009C8DD3 /* Frameworks */,
				E4120DF01E4C03AE009C8DD3 /* Resources */,
			);
			buildRules = (
			);
			dependencies = (
				E4120DF41E4C03AE009C8DD3 /* PBXTargetDependency */,
			);
			name = HealthKitDemoTests;
			productName = HealthKitDemoTests;
			productReference = E4120DF21E4C03AE009C8DD3 /* HealthKitDemoTests.xctest */;
			productType = "com.apple.product-type.bundle.unit-test";
		};
		E4120DFC1E4C03AE009C8DD3 /* HealthKitDemoUITests */ = {
			isa = PBXNativeTarget;
			buildConfigurationList = E4120E0C1E4C03AE009C8DD3 /* Build configuration list for PBXNativeTarget "HealthKitDemoUITests" */;
			buildPhases = (
				E4120DF91E4C03AE009C8DD3 /* Sources */,
				E4120DFA1E4C03AE009C8DD3 /* Frameworks */,
				E4120DFB1E4C03AE009C8DD3 /* Resources */,
			);
			buildRules = (
			);
			dependencies = (
				E4120DFF1E4C03AE009C8DD3 /* PBXTargetDependency */,
			);
			name = HealthKitDemoUITests;
			productName = HealthKitDemoUITests;
			productReference = E4120DFD1E4C03AE009C8DD3 /* HealthKitDemoUITests.xctest */;
			productType = "com.apple.product-type.bundle.ui-testing";
		};
/* End PBXNativeTarget section */

/* Begin PBXProject section */
		E4120DD61E4C03AE009C8DD3 /* Project object */ = {
			isa = PBXProject;
			attributes = {
				LastSwiftUpdateCheck = 0820;
				LastUpgradeCheck = 0820;
				ORGANIZATIONNAME = zhangwei;
				TargetAttributes = {
					E4120DDD1E4C03AE009C8DD3 = {
						CreatedOnToolsVersion = 8.2.1;
						DevelopmentTeam = X2AB8TRR33;
						ProvisioningStyle = Automatic;
						SystemCapabilities = {
							com.apple.HealthKit = {
								enabled = 1;
							};
							com.apple.Push = {
								enabled = 1;
							};
						};
					};
					E4120DF11E4C03AE009C8DD3 = {
						CreatedOnToolsVersion = 8.2.1;
						ProvisioningStyle = Automatic;
						TestTargetID = E4120DDD1E4C03AE009C8DD3;
					};
					E4120DFC1E4C03AE009C8DD3 = {
						CreatedOnToolsVersion = 8.2.1;
						ProvisioningStyle = Automatic;
						TestTargetID = E4120DDD1E4C03AE009C8DD3;
					};
				};
			};
			buildConfigurationList = E4120DD91E4C03AE009C8DD3 /* Build configuration list for PBXProject "HealthKitDemo" */;
			compatibilityVersion = "Xcode 3.2";
			developmentRegion = English;
			hasScannedForEncodings = 0;
			knownRegions = (
				en,
				Base,
			);
			mainGroup = E4120DD51E4C03AE009C8DD3;
			productRefGroup = E4120DDF1E4C03AE009C8DD3 /* Products */;
			projectDirPath = "";
			projectRoot = "";
			targets = (
				E4120DDD1E4C03AE009C8DD3 /* HealthKitDemo */,
				E4120DF11E4C03AE009C8DD3 /* HealthKitDemoTests */,
				E4120DFC1E4C03AE009C8DD3 /* HealthKitDemoUITests */,
			);
		};
/* End PBXProject section */

/* Begin PBXResourcesBuildPhase section */
		E4120DDC1E4C03AE009C8DD3 /* Resources */ = {
			isa = PBXResourcesBuildPhase;
			buildActionMask = 2147483647;
			files = (
				E4120DEC1E4C03AE009C8DD3 /* LaunchScreen.storyboard in Resources */,
				E4120DE91E4C03AE009C8DD3 /* Assets.xcassets in Resources */,
			);
			runOnlyForDeploymentPostprocessing = 0;
		};
		E4120DF01E4C03AE009C8DD3 /* Resources */ = {
			isa = PBXResourcesBuildPhase;
			buildActionMask = 2147483647;
			files = (
			);
			runOnlyForDeploymentPostprocessing = 0;
		};
		E4120DFB1E4C03AE009C8DD3 /* Resources */ = {
			isa = PBXResourcesBuildPhase;
			buildActionMask = 2147483647;
			files = (
			);
			runOnlyForDeploymentPostprocessing = 0;
		};
/* End PBXResourcesBuildPhase section */

/* Begin PBXSourcesBuildPhase section */
		E4120DDA1E4C03AE009C8DD3 /* Sources */ = {
			isa = PBXSourcesBuildPhase;
			buildActionMask = 2147483647;
			files = (
				E4120E141E4C6B11009C8DD3 /* ViewExtension.swift in Sources */,
				E4F822851E569EB200C99873 /* BirthOfDateViewController.swift in Sources */,
				E4120E161E514314009C8DD3 /* HeightViewController.swift in Sources */,
				E4022F7D1E51C299000875D7 /* NotificationHandler.swift in Sources */,
				E4120DE41E4C03AE009C8DD3 /* ViewController.swift in Sources */,
				E4120DE21E4C03AE009C8DD3 /* AppDelegate.swift in Sources */,
			);
			runOnlyForDeploymentPostprocessing = 0;
		};
		E4120DEE1E4C03AE009C8DD3 /* Sources */ = {
			isa = PBXSourcesBuildPhase;
			buildActionMask = 2147483647;
			files = (
				E4120DF71E4C03AE009C8DD3 /* HealthKitDemoTests.swift in Sources */,
			);
			runOnlyForDeploymentPostprocessing = 0;
		};
		E4120DF91E4C03AE009C8DD3 /* Sources */ = {
			isa = PBXSourcesBuildPhase;
			buildActionMask = 2147483647;
			files = (
				E4120E021E4C03AE009C8DD3 /* HealthKitDemoUITests.swift in Sources */,
			);
			runOnlyForDeploymentPostprocessing = 0;
		};
/* End PBXSourcesBuildPhase section */

/* Begin PBXTargetDependency section */
		E4120DF41E4C03AE009C8DD3 /* PBXTargetDependency */ = {
			isa = PBXTargetDependency;
			target = E4120DDD1E4C03AE009C8DD3 /* HealthKitDemo */;
			targetProxy = E4120DF31E4C03AE009C8DD3 /* PBXContainerItemProxy */;
		};
		E4120DFF1E4C03AE009C8DD3 /* PBXTargetDependency */ = {
			isa = PBXTargetDependency;
			target = E4120DDD1E4C03AE009C8DD3 /* HealthKitDemo */;
			targetProxy = E4120DFE1E4C03AE009C8DD3 /* PBXContainerItemProxy */;
		};
/* End PBXTargetDependency section */

/* Begin PBXVariantGroup section */
		E4120DEA1E4C03AE009C8DD3 /* LaunchScreen.storyboard */ = {
			isa = PBXVariantGroup;
			children = (
				E4120DEB1E4C03AE009C8DD3 /* Base */,
			);
			name = LaunchScreen.storyboard;
			sourceTree = "<group>";
		};
/* End PBXVariantGroup section */

/* Begin XCBuildConfiguration section */
		E4120E041E4C03AE009C8DD3 /* Debug */ = {
			isa = XCBuildConfiguration;
			buildSettings = {
				ALWAYS_SEARCH_USER_PATHS = NO;
				CLANG_ANALYZER_NONNULL = YES;
				CLANG_CXX_LANGUAGE_STANDARD = "gnu++0x";
				CLANG_CXX_LIBRARY = "libc++";
				CLANG_ENABLE_MODULES = YES;
				CLANG_ENABLE_OBJC_ARC = YES;
				CLANG_WARN_BOOL_CONVERSION = YES;
				CLANG_WARN_CONSTANT_CONVERSION = YES;
				CLANG_WARN_DIRECT_OBJC_ISA_USAGE = YES_ERROR;
				CLANG_WARN_DOCUMENTATION_COMMENTS = YES;
				CLANG_WARN_EMPTY_BODY = YES;
				CLANG_WARN_ENUM_CONVERSION = YES;
				CLANG_WARN_INFINITE_RECURSION = YES;
				CLANG_WARN_INT_CONVERSION = YES;
				CLANG_WARN_OBJC_ROOT_CLASS = YES_ERROR;
				CLANG_WARN_SUSPICIOUS_MOVE = YES;
				CLANG_WARN_UNREACHABLE_CODE = YES;
				CLANG_WARN__DUPLICATE_METHOD_MATCH = YES;
				"CODE_SIGN_IDENTITY[sdk=iphoneos*]" = "iPhone Developer";
				COPY_PHASE_STRIP = NO;
				DEBUG_INFORMATION_FORMAT = dwarf;
				ENABLE_STRICT_OBJC_MSGSEND = YES;
				ENABLE_TESTABILITY = YES;
				GCC_C_LANGUAGE_STANDARD = gnu99;
				GCC_DYNAMIC_NO_PIC = NO;
				GCC_NO_COMMON_BLOCKS = YES;
				GCC_OPTIMIZATION_LEVEL = 0;
				GCC_PREPROCESSOR_DEFINITIONS = (
					"DEBUG=1",
					"$(inherited)",
				);
				GCC_WARN_64_TO_32_BIT_CONVERSION = YES;
				GCC_WARN_ABOUT_RETURN_TYPE = YES_ERROR;
				GCC_WARN_UNDECLARED_SELECTOR = YES;
				GCC_WARN_UNINITIALIZED_AUTOS = YES_AGGRESSIVE;
				GCC_WARN_UNUSED_FUNCTION = YES;
				GCC_WARN_UNUSED_VARIABLE = YES;
				IPHONEOS_DEPLOYMENT_TARGET = 10.2;
				MTL_ENABLE_DEBUG_INFO = YES;
				ONLY_ACTIVE_ARCH = YES;
				SDKROOT = iphoneos;
				SWIFT_ACTIVE_COMPILATION_CONDITIONS = DEBUG;
				SWIFT_OPTIMIZATION_LEVEL = "-Onone";
				TARGETED_DEVICE_FAMILY = "1,2";
			};
			name = Debug;
		};
		E4120E051E4C03AE009C8DD3 /* Release */ = {
			isa = XCBuildConfiguration;
			buildSettings = {
				ALWAYS_SEARCH_USER_PATHS = NO;
				CLANG_ANALYZER_NONNULL = YES;
				CLANG_CXX_LANGUAGE_STANDARD = "gnu++0x";
				CLANG_CXX_LIBRARY = "libc++";
				CLANG_ENABLE_MODULES = YES;
				CLANG_ENABLE_OBJC_ARC = YES;
				CLANG_WARN_BOOL_CONVERSION = YES;
				CLANG_WARN_CONSTANT_CONVERSION = YES;
				CLANG_WARN_DIRECT_OBJC_ISA_USAGE = YES_ERROR;
				CLANG_WARN_DOCUMENTATION_COMMENTS = YES;
				CLANG_WARN_EMPTY_BODY = YES;
				CLANG_WARN_ENUM_CONVERSION = YES;
				CLANG_WARN_INFINITE_RECURSION = YES;
				CLANG_WARN_INT_CONVERSION = YES;
				CLANG_WARN_OBJC_ROOT_CLASS = YES_ERROR;
				CLANG_WARN_SUSPICIOUS_MOVE = YES;
				CLANG_WARN_UNREACHABLE_CODE = YES;
				CLANG_WARN__DUPLICATE_METHOD_MATCH = YES;
				"CODE_SIGN_IDENTITY[sdk=iphoneos*]" = "iPhone Developer";
				COPY_PHASE_STRIP = NO;
				DEBUG_INFORMATION_FORMAT = "dwarf-with-dsym";
				ENABLE_NS_ASSERTIONS = NO;
				ENABLE_STRICT_OBJC_MSGSEND = YES;
				GCC_C_LANGUAGE_STANDARD = gnu99;
				GCC_NO_COMMON_BLOCKS = YES;
				GCC_WARN_64_TO_32_BIT_CONVERSION = YES;
				GCC_WARN_ABOUT_RETURN_TYPE = YES_ERROR;
				GCC_WARN_UNDECLARED_SELECTOR = YES;
				GCC_WARN_UNINITIALIZED_AUTOS = YES_AGGRESSIVE;
				GCC_WARN_UNUSED_FUNCTION = YES;
				GCC_WARN_UNUSED_VARIABLE = YES;
				IPHONEOS_DEPLOYMENT_TARGET = 10.2;
				MTL_ENABLE_DEBUG_INFO = NO;
				SDKROOT = iphoneos;
				SWIFT_OPTIMIZATION_LEVEL = "-Owholemodule";
				TARGETED_DEVICE_FAMILY = "1,2";
				VALIDATE_PRODUCT = YES;
			};
			name = Release;
		};
		E4120E071E4C03AE009C8DD3 /* Debug */ = {
			isa = XCBuildConfiguration;
			buildSettings = {
				ASSETCATALOG_COMPILER_APPICON_NAME = AppIcon;
				CODE_SIGN_ENTITLEMENTS = HealthKitDemo/HealthKitDemo.entitlements;
				DEVELOPMENT_TEAM = X2AB8TRR33;
				GCC_PRECOMPILE_PREFIX_HEADER = YES;
				GCC_PREFIX_HEADER = "$(SRCROOT)/HealthKitDemo/CommonFile.pch";
				INFOPLIST_FILE = HealthKitDemo/Info.plist;
				IPHONEOS_DEPLOYMENT_TARGET = 8.0;
				LD_RUNPATH_SEARCH_PATHS = "$(inherited) @executable_path/Frameworks";
				PRODUCT_BUNDLE_IDENTIFIER = com.zhangwei.HealthKitDemo;
				PRODUCT_NAME = "$(TARGET_NAME)";
				SWIFT_OBJC_BRIDGING_HEADER = "$(SRCROOT)/HealthKitDemo/CommonFile.pch";
				SWIFT_VERSION = 3.0;
			};
			name = Debug;
		};
		E4120E081E4C03AE009C8DD3 /* Release */ = {
			isa = XCBuildConfiguration;
			buildSettings = {
				ASSETCATALOG_COMPILER_APPICON_NAME = AppIcon;
				CODE_SIGN_ENTITLEMENTS = HealthKitDemo/HealthKitDemo.entitlements;
				DEVELOPMENT_TEAM = X2AB8TRR33;
				GCC_PRECOMPILE_PREFIX_HEADER = YES;
				GCC_PREFIX_HEADER = "$(SRCROOT)/HealthKitDemo/CommonFile.pch";
				INFOPLIST_FILE = HealthKitDemo/Info.plist;
				IPHONEOS_DEPLOYMENT_TARGET = 8.0;
				LD_RUNPATH_SEARCH_PATHS = "$(inherited) @executable_path/Frameworks";
				PRODUCT_BUNDLE_IDENTIFIER = com.zhangwei.HealthKitDemo;
				PRODUCT_NAME = "$(TARGET_NAME)";
				SWIFT_OBJC_BRIDGING_HEADER = "$(SRCROOT)/HealthKitDemo/CommonFile.pch";
				SWIFT_VERSION = 3.0;
			};
			name = Release;
		};
		E4120E0A1E4C03AE009C8DD3 /* Debug */ = {
			isa = XCBuildConfiguration;
			buildSettings = {
				ALWAYS_EMBED_SWIFT_STANDARD_LIBRARIES = YES;
				BUNDLE_LOADER = "$(TEST_HOST)";
				INFOPLIST_FILE = HealthKitDemoTests/Info.plist;
				LD_RUNPATH_SEARCH_PATHS = "$(inherited) @executable_path/Frameworks @loader_path/Frameworks";
				PRODUCT_BUNDLE_IDENTIFIER = com.zhangwei.HealthKitDemoTests;
				PRODUCT_NAME = "$(TARGET_NAME)";
				SWIFT_VERSION = 3.0;
				TEST_HOST = "$(BUILT_PRODUCTS_DIR)/HealthKitDemo.app/HealthKitDemo";
			};
			name = Debug;
		};
		E4120E0B1E4C03AE009C8DD3 /* Release */ = {
			isa = XCBuildConfiguration;
			buildSettings = {
				ALWAYS_EMBED_SWIFT_STANDARD_LIBRARIES = YES;
				BUNDLE_LOADER = "$(TEST_HOST)";
				INFOPLIST_FILE = HealthKitDemoTests/Info.plist;
				LD_RUNPATH_SEARCH_PATHS = "$(inherited) @executable_path/Frameworks @loader_path/Frameworks";
				PRODUCT_BUNDLE_IDENTIFIER = com.zhangwei.HealthKitDemoTests;
				PRODUCT_NAME = "$(TARGET_NAME)";
				SWIFT_VERSION = 3.0;
				TEST_HOST = "$(BUILT_PRODUCTS_DIR)/HealthKitDemo.app/HealthKitDemo";
			};
			name = Release;
		};
		E4120E0D1E4C03AE009C8DD3 /* Debug */ = {
			isa = XCBuildConfiguration;
			buildSettings = {
				ALWAYS_EMBED_SWIFT_STANDARD_LIBRARIES = YES;
				INFOPLIST_FILE = HealthKitDemoUITests/Info.plist;
				LD_RUNPATH_SEARCH_PATHS = "$(inherited) @executable_path/Frameworks @loader_path/Frameworks";
				PRODUCT_BUNDLE_IDENTIFIER = com.zhangwei.HealthKitDemoUITests;
				PRODUCT_NAME = "$(TARGET_NAME)";
				SWIFT_VERSION = 3.0;
				TEST_TARGET_NAME = HealthKitDemo;
			};
			name = Debug;
		};
		E4120E0E1E4C03AE009C8DD3 /* Release */ = {
			isa = XCBuildConfiguration;
			buildSettings = {
				ALWAYS_EMBED_SWIFT_STANDARD_LIBRARIES = YES;
				INFOPLIST_FILE = HealthKitDemoUITests/Info.plist;
				LD_RUNPATH_SEARCH_PATHS = "$(inherited) @executable_path/Frameworks @loader_path/Frameworks";
				PRODUCT_BUNDLE_IDENTIFIER = com.zhangwei.HealthKitDemoUITests;
				PRODUCT_NAME = "$(TARGET_NAME)";
				SWIFT_VERSION = 3.0;
				TEST_TARGET_NAME = HealthKitDemo;
			};
			name = Release;
		};
/* End XCBuildConfiguration section */

/* Begin XCConfigurationList section */
		E4120DD91E4C03AE009C8DD3 /* Build configuration list for PBXProject "HealthKitDemo" */ = {
			isa = XCConfigurationList;
			buildConfigurations = (
				E4120E041E4C03AE009C8DD3 /* Debug */,
				E4120E051E4C03AE009C8DD3 /* Release */,
			);
			defaultConfigurationIsVisible = 0;
			defaultConfigurationName = Release;
		};
		E4120E061E4C03AE009C8DD3 /* Build configuration list for PBXNativeTarget "HealthKitDemo" */ = {
			isa = XCConfigurationList;
			buildConfigurations = (
				E4120E071E4C03AE009C8DD3 /* Debug */,
				E4120E081E4C03AE009C8DD3 /* Release */,
			);
			defaultConfigurationIsVisible = 0;
			defaultConfigurationName = Release;
		};
		E4120E091E4C03AE009C8DD3 /* Build configuration list for PBXNativeTarget "HealthKitDemoTests" */ = {
			isa = XCConfigurationList;
			buildConfigurations = (
				E4120E0A1E4C03AE009C8DD3 /* Debug */,
				E4120E0B1E4C03AE009C8DD3 /* Release */,
			);
			defaultConfigurationIsVisible = 0;
			defaultConfigurationName = Release;
		};
		E4120E0C1E4C03AE009C8DD3 /* Build configuration list for PBXNativeTarget "HealthKitDemoUITests" */ = {
			isa = XCConfigurationList;
			buildConfigurations = (
				E4120E0D1E4C03AE009C8DD3 /* Debug */,
				E4120E0E1E4C03AE009C8DD3 /* Release */,
			);
			defaultConfigurationIsVisible = 0;
			defaultConfigurationName = Release;
		};
/* End XCConfigurationList section */
	};
	rootObject = E4120DD61E4C03AE009C8DD3 /* Project object */;
}
